# This file is automatically @generated by Cargo.
# It is not intended for manual editing.
version = 3

[[package]]
name = "full"
version = "0.1.0"
dependencies = [
 "part-a",
 "part-b",
 "part-c",
]

[[package]]
name = "part-a"
version = "0.1.0"

[[package]]
name = "part-b"
version = "0.1.0"
dependencies = [
 "part-e-variant",
]

[[package]]
name = "part-c"
version = "0.1.0"
dependencies = [
 "part-d",
]

[[package]]
name = "part-d"
version = "0.1.0"

[[package]]
name = "part-e-variant"
version = "0.1.0"
